
Microsoft Visual Studio Solution File, Format Version 12.00
# Visual Studio Version 17
VisualStudioVersion = 17.14.36414.22 d17.14
MinimumVisualStudioVersion = 10.0.40219.1
Project("{FAE04EC0-301F-11D3-BF4B-00C04F79EFBC}") = "WPF_PersonalLibraryTracker", "WPF_PersonalLibraryTracker\WPF_PersonalLibraryTracker.csproj", "{A19C36A4-FDE1-4EDD-B68E-5D60B657687D}"
EndProject
Global
	GlobalSection(SolutionConfigurationPlatforms) = preSolution
		Debug|Any CPU = Debug|Any CPU
		Release|Any CPU = Release|Any CPU
	EndGlobalSection
	GlobalSection(ProjectConfigurationPlatforms) = postSolution
		{A19C36A4-FDE1-4EDD-B68E-5D60B657687D}.Debug|Any CPU.ActiveCfg = Debug|Any CPU
		{A19C36A4-FDE1-4EDD-B68E-5D60B657687D}.Debug|Any CPU.Build.0 = Debug|Any CPU
		{A19C36A4-FDE1-4EDD-B68E-5D60B657687D}.Release|Any CPU.ActiveCfg = Release|Any CPU
		{A19C36A4-FDE1-4EDD-B68E-5D60B657687D}.Release|Any CPU.Build.0 = Release|Any CPU
	EndGlobalSection
	GlobalSection(SolutionProperties) = preSolution
		HideSolutionNode = FALSE
	EndGlobalSection
	GlobalSection(ExtensibilityGlobals) = postSolution
		SolutionGuid = {5FE716B7-C703-44D6-9DBD-A8A459045D3E}
	EndGlobalSection
EndGlobal
